
Microsoft Visual Studio Solution File, Format Version 12.00
# Visual Studio Version 17
VisualStudioVersion = 17.6.33513.286
MinimumVisualStudioVersion = 10.0.40219.1
Project("{9A19103F-16F7-4668-BE54-9A1E7A4F7556}") = "WinTool", "WinTool\WinTool.csproj", "{9CF8A9B0-FA09-4B53-8963-2575BEE0931E}"
EndProject
Global
	GlobalSection(SolutionConfigurationPlatforms) = preSolution
		Debug|Any CPU = Debug|Any CPU
		Debug|x64 = Debug|x64
		Release|Any CPU = Release|Any CPU
		Release|x64 = Release|x64
	EndGlobalSection
	GlobalSection(ProjectConfigurationPlatforms) = postSolution
		{9CF8A9B0-FA09-4B53-8963-2575BEE0931E}.Debug|Any CPU.ActiveCfg = Debug|Any CPU
		{9CF8A9B0-FA09-4B53-8963-2575BEE0931E}.Debug|Any CPU.Build.0 = Debug|Any CPU
		{9CF8A9B0-FA09-4B53-8963-2575BEE0931E}.Debug|x64.ActiveCfg = Debug|x64
		{9CF8A9B0-FA09-4B53-8963-2575BEE0931E}.Debug|x64.Build.0 = Debug|x64
		{9CF8A9B0-FA09-4B53-8963-2575BEE0931E}.Release|Any CPU.ActiveCfg = Release|Any CPU
		{9CF8A9B0-FA09-4B53-8963-2575BEE0931E}.Release|Any CPU.Build.0 = Release|Any CPU
		{9CF8A9B0-FA09-4B53-8963-2575BEE0931E}.Release|x64.ActiveCfg = Release|x64
		{9CF8A9B0-FA09-4B53-8963-2575BEE0931E}.Release|x64.Build.0 = Release|x64
	EndGlobalSection
	GlobalSection(SolutionProperties) = preSolution
		HideSolutionNode = FALSE
	EndGlobalSection
	GlobalSection(ExtensibilityGlobals) = postSolution
		SolutionGuid = {185A18F6-EA31-441F-BD49-3CFC31717791}
	EndGlobalSection
EndGlobal
